
Microsoft Visual Studio Solution File, Format Version 12.00
# Visual Studio Version 17
VisualStudioVersion = 17.10.35122.118
MinimumVisualStudioVersion = 10.0.40219.1
Project("{9A19103F-16F7-4668-BE54-9A1E7A4F7556}") = "MvcProjeKampi", "MvcProjeKampi.csproj", "{BF2402FB-776D-4BC3-9ECA-3225DE8DCF6B}"
EndProject
Project("{FAE04EC0-301F-11D3-BF4B-00C04F79EFBC}") = "EntityLayer", "..\EntityLayer\EntityLayer.csproj", "{A38D5A46-8A88-45C5-8F55-3BB787E1D043}"
EndProject
Project("{FAE04EC0-301F-11D3-BF4B-00C04F79EFBC}") = "DataAccessLayer", "..\DataAccessLayer\DataAccessLayer.csproj", "{93B78A90-8CB9-4499-B5BF-80F7BA4F70F6}"
EndProject
Project("{FAE04EC0-301F-11D3-BF4B-00C04F79EFBC}") = "BusinessLayer", "..\BusinessLayer\BusinessLayer.csproj", "{E01AD8F0-EC27-4019-A75B-6D7CFB3A3937}"
EndProject
Global
	GlobalSection(SolutionConfigurationPlatforms) = preSolution
		Debug|Any CPU = Debug|Any CPU
		Release|Any CPU = Release|Any CPU
	EndGlobalSection
	GlobalSection(ProjectConfigurationPlatforms) = postSolution
		{BF2402FB-776D-4BC3-9ECA-3225DE8DCF6B}.Debug|Any CPU.ActiveCfg = Debug|Any CPU
		{BF2402FB-776D-4BC3-9ECA-3225DE8DCF6B}.Debug|Any CPU.Build.0 = Debug|Any CPU
		{BF2402FB-776D-4BC3-9ECA-3225DE8DCF6B}.Release|Any CPU.ActiveCfg = Release|Any CPU
		{BF2402FB-776D-4BC3-9ECA-3225DE8DCF6B}.Release|Any CPU.Build.0 = Release|Any CPU
		{A38D5A46-8A88-45C5-8F55-3BB787E1D043}.Debug|Any CPU.ActiveCfg = Debug|Any CPU
		{A38D5A46-8A88-45C5-8F55-3BB787E1D043}.Debug|Any CPU.Build.0 = Debug|Any CPU
		{A38D5A46-8A88-45C5-8F55-3BB787E1D043}.Release|Any CPU.ActiveCfg = Release|Any CPU
		{A38D5A46-8A88-45C5-8F55-3BB787E1D043}.Release|Any CPU.Build.0 = Release|Any CPU
		{93B78A90-8CB9-4499-B5BF-80F7BA4F70F6}.Debug|Any CPU.ActiveCfg = Debug|Any CPU
		{93B78A90-8CB9-4499-B5BF-80F7BA4F70F6}.Debug|Any CPU.Build.0 = Debug|Any CPU
		{93B78A90-8CB9-4499-B5BF-80F7BA4F70F6}.Release|Any CPU.ActiveCfg = Release|Any CPU
		{93B78A90-8CB9-4499-B5BF-80F7BA4F70F6}.Release|Any CPU.Build.0 = Release|Any CPU
		{E01AD8F0-EC27-4019-A75B-6D7CFB3A3937}.Debug|Any CPU.ActiveCfg = Debug|Any CPU
		{E01AD8F0-EC27-4019-A75B-6D7CFB3A3937}.Debug|Any CPU.Build.0 = Debug|Any CPU
		{E01AD8F0-EC27-4019-A75B-6D7CFB3A3937}.Release|Any CPU.ActiveCfg = Release|Any CPU
		{E01AD8F0-EC27-4019-A75B-6D7CFB3A3937}.Release|Any CPU.Build.0 = Release|Any CPU
	EndGlobalSection
	GlobalSection(SolutionProperties) = preSolution
		HideSolutionNode = FALSE
	EndGlobalSection
	GlobalSection(ExtensibilityGlobals) = postSolution
		SolutionGuid = {BCE6E6A9-1A58-4E10-9878-86D823E8EDB3}
	EndGlobalSection
EndGlobal
